
Microsoft Visual Studio Solution File, Format Version 12.00
# Visual Studio 15
Project("{FAE04EC0-301F-11D3-BF4B-00C04F79EFBC}") = "Assembly-CSharp", "Assembly-CSharp.csproj", "{38D5B6C7-E044-F488-EDF7-27AFA6CD2106}"
EndProject
Project("{FAE04EC0-301F-11D3-BF4B-00C04F79EFBC}") = "Assembly-CSharp-firstpass", "Assembly-CSharp-firstpass.csproj", "{03280E9D-7778-936D-EF19-4C1916D9D402}"
EndProject
Project("{FAE04EC0-301F-11D3-BF4B-00C04F79EFBC}") = "Assembly-CSharp-Editor", "Assembly-CSharp-Editor.csproj", "{83341865-5762-19EA-9184-68000DDBC492}"
EndProject
Global
	GlobalSection(SolutionConfigurationPlatforms) = preSolution
		Debug|Any CPU = Debug|Any CPU
		Release|Any CPU = Release|Any CPU
	EndGlobalSection
	GlobalSection(ProjectConfigurationPlatforms) = postSolution
		{38D5B6C7-E044-F488-EDF7-27AFA6CD2106}.Debug|Any CPU.ActiveCfg = Debug|Any CPU
		{38D5B6C7-E044-F488-EDF7-27AFA6CD2106}.Debug|Any CPU.Build.0 = Debug|Any CPU
		{38D5B6C7-E044-F488-EDF7-27AFA6CD2106}.Release|Any CPU.ActiveCfg = Release|Any CPU
		{38D5B6C7-E044-F488-EDF7-27AFA6CD2106}.Release|Any CPU.Build.0 = Release|Any CPU
		{03280E9D-7778-936D-EF19-4C1916D9D402}.Debug|Any CPU.ActiveCfg = Debug|Any CPU
		{03280E9D-7778-936D-EF19-4C1916D9D402}.Debug|Any CPU.Build.0 = Debug|Any CPU
		{03280E9D-7778-936D-EF19-4C1916D9D402}.Release|Any CPU.ActiveCfg = Release|Any CPU
		{03280E9D-7778-936D-EF19-4C1916D9D402}.Release|Any CPU.Build.0 = Release|Any CPU
		{83341865-5762-19EA-9184-68000DDBC492}.Debug|Any CPU.ActiveCfg = Debug|Any CPU
		{83341865-5762-19EA-9184-68000DDBC492}.Debug|Any CPU.Build.0 = Debug|Any CPU
		{83341865-5762-19EA-9184-68000DDBC492}.Release|Any CPU.ActiveCfg = Release|Any CPU
		{83341865-5762-19EA-9184-68000DDBC492}.Release|Any CPU.Build.0 = Release|Any CPU
	EndGlobalSection
	GlobalSection(SolutionProperties) = preSolution
		HideSolutionNode = FALSE
	EndGlobalSection
EndGlobal
